
Microsoft Visual Studio Solution File, Format Version 12.00
# Visual Studio 15
VisualStudioVersion = 15.0.27703.2042
MinimumVisualStudioVersion = 10.0.40219.1
Project("{FAE04EC0-301F-11D3-BF4B-00C04F79EFBC}") = "PledgeKit", "PledgeKit\PledgeKit.csproj", "{647EEB6B-08EF-4467-948E-286032CC048C}"
EndProject
Global
	GlobalSection(SolutionConfigurationPlatforms) = preSolution
		Debug|Any CPU = Debug|Any CPU
		Release|Any CPU = Release|Any CPU
	EndGlobalSection
	GlobalSection(ProjectConfigurationPlatforms) = postSolution
		{647EEB6B-08EF-4467-948E-286032CC048C}.Debug|Any CPU.ActiveCfg = Debug|Any CPU
		{647EEB6B-08EF-4467-948E-286032CC048C}.Debug|Any CPU.Build.0 = Debug|Any CPU
		{647EEB6B-08EF-4467-948E-286032CC048C}.Release|Any CPU.ActiveCfg = Release|Any CPU
		{647EEB6B-08EF-4467-948E-286032CC048C}.Release|Any CPU.Build.0 = Release|Any CPU
	EndGlobalSection
	GlobalSection(SolutionProperties) = preSolution
		HideSolutionNode = FALSE
	EndGlobalSection
	GlobalSection(ExtensibilityGlobals) = postSolution
		SolutionGuid = {69F9AAF1-069A-46BE-B4BE-ED5CA758F570}
	EndGlobalSection
EndGlobal
